
Microsoft Visual Studio Solution File, Format Version 12.00
# Visual Studio Version 17
VisualStudioVersion = 17.4.33213.308
MinimumVisualStudioVersion = 10.0.40219.1
Project("{FAE04EC0-301F-11D3-BF4B-00C04F79EFBC}") = "NotasApp.Android", "NotasApp.Android\NotasApp.Android.csproj", "{882E9F57-8735-4D16-924A-2EA27101D4FC}"
EndProject
Project("{FAE04EC0-301F-11D3-BF4B-00C04F79EFBC}") = "NotasApp", "NotasApp\NotasApp.csproj", "{D4E98DBC-C520-4005-A7EC-663F12D662CA}"
EndProject
Global
	GlobalSection(SolutionConfigurationPlatforms) = preSolution
		Debug|Any CPU = Debug|Any CPU
		Release|Any CPU = Release|Any CPU
	EndGlobalSection
	GlobalSection(ProjectConfigurationPlatforms) = postSolution
		{882E9F57-8735-4D16-924A-2EA27101D4FC}.Debug|Any CPU.ActiveCfg = Debug|Any CPU
		{882E9F57-8735-4D16-924A-2EA27101D4FC}.Debug|Any CPU.Build.0 = Debug|Any CPU
		{882E9F57-8735-4D16-924A-2EA27101D4FC}.Debug|Any CPU.Deploy.0 = Debug|Any CPU
		{882E9F57-8735-4D16-924A-2EA27101D4FC}.Release|Any CPU.ActiveCfg = Release|Any CPU
		{882E9F57-8735-4D16-924A-2EA27101D4FC}.Release|Any CPU.Build.0 = Release|Any CPU
		{882E9F57-8735-4D16-924A-2EA27101D4FC}.Release|Any CPU.Deploy.0 = Release|Any CPU
		{D4E98DBC-C520-4005-A7EC-663F12D662CA}.Debug|Any CPU.ActiveCfg = Debug|Any CPU
		{D4E98DBC-C520-4005-A7EC-663F12D662CA}.Debug|Any CPU.Build.0 = Debug|Any CPU
		{D4E98DBC-C520-4005-A7EC-663F12D662CA}.Debug|Any CPU.Deploy.0 = Debug|Any CPU
		{D4E98DBC-C520-4005-A7EC-663F12D662CA}.Release|Any CPU.ActiveCfg = Release|Any CPU
		{D4E98DBC-C520-4005-A7EC-663F12D662CA}.Release|Any CPU.Build.0 = Release|Any CPU
		{D4E98DBC-C520-4005-A7EC-663F12D662CA}.Release|Any CPU.Deploy.0 = Release|Any CPU
	EndGlobalSection
	GlobalSection(SolutionProperties) = preSolution
		HideSolutionNode = FALSE
	EndGlobalSection
	GlobalSection(ExtensibilityGlobals) = postSolution
		SolutionGuid = {BB471B60-3E49-4757-BA27-8DF13D46EBBE}
	EndGlobalSection
EndGlobal
